<?xml version="1.0" encoding="utf-8"?>
<Project ToolsVersion="4.0" xmlns="http://schemas.microsoft.com/developer/msbuild/2003">
  <ItemGroup>
    <Filter Include="Source Files">
      <UniqueIdentifier>{4FC737F1-C7A5-4376-A066-2A32D752A2FF}</UniqueIdentifier>
      <Extensions>cpp;c;cc;cxx;def;odl;idl;hpj;bat;asm;asmx</Extensions>
    </Filter>
    <Filter Include="Header Files">
      <UniqueIdentifier>{93995380-89BD-4b04-88EB-625FBE52EBFB}</UniqueIdentifier>
      <Extensions>h;hh;hpp;hxx;hm;inl;inc;ipp;xsd</Extensions>
    </Filter>
    <Filter Include="Resource Files">
      <UniqueIdentifier>{67DA6AB6-F800-4c08-8B7A-83BB121AAD01}</UniqueIdentifier>
      <Extensions>rc;ico;cur;bmp;dlg;rc2;rct;bin;rgs;gif;jpg;jpeg;jpe;resx;tiff;tif;png;wav;mfcribbon-ms</Extensions>
    </Filter>
    <Filter Include="Shaders">
      <UniqueIdentifier>{93204018-a617-4319-8bb3-61f13dcb08d2}</UniqueIdentifier>
    </Filter>
    <Filter Include="Source Files\Gfx">
      <UniqueIdentifier>{9bb9d382-5f9e-46b5-88a1-9567ac181ece}</UniqueIdentifier>
    </Filter>
    <Filter Include="Header Files\Gfx">
      <UniqueIdentifier>{57133d60-d453-4965-a8e0-94e807f19773}</UniqueIdentifier>
    </Filter>
    <Filter Include="Header Files\Math">
      <UniqueIdentifier>{04e14169-cc6f-46c5-ab31-ff5b278a9b59}</UniqueIdentifier>
    </Filter>
  </ItemGroup>
  <ItemGroup>
    <ClCompile Include="Platform.cpp">
      <Filter>Source Files</Filter>
    </ClCompile>
    <ClCompile Include="WindowsPlatformUtil.cpp">
      <Filter>Source Files</Filter>
    </ClCompile>
    <ClCompile Include="EnDjinnV.cpp">
      <Filter>Source Files</Filter>
    </ClCompile>
    <ClCompile Include="Gfx.cpp">
      <Filter>Source Files\Gfx</Filter>
    </ClCompile>
    <ClCompile Include="DepthTexture.cpp">
      <Filter>Source Files\Gfx</Filter>
    </ClCompile>
    <ClCompile Include="SwapChain.cpp">
      <Filter>Source Files\Gfx</Filter>
    </ClCompile>
    <ClCompile Include="CommandPool.cpp">
      <Filter>Source Files\Gfx</Filter>
    </ClCompile>
    <ClCompile Include="Shader.cpp">
      <Filter>Source Files\Gfx</Filter>
    </ClCompile>
    <ClCompile Include="Device.cpp">
      <Filter>Source Files\Gfx</Filter>
    </ClCompile>
    <ClCompile Include="Mesh.cpp">
      <Filter>Source Files\Gfx</Filter>
    </ClCompile>
    <ClCompile Include="Vertex.cpp">
      <Filter>Source Files\Gfx</Filter>
    </ClCompile>
    <ClCompile Include="Buffer.cpp">
      <Filter>Source Files\Gfx</Filter>
    </ClCompile>
    <ClCompile Include="PhysicalDevice.cpp">
      <Filter>Source Files\Gfx</Filter>
    </ClCompile>
    <ClCompile Include="Scene.cpp">
      <Filter>Source Files</Filter>
    </ClCompile>
    <ClCompile Include="Camera.cpp">
      <Filter>Source Files</Filter>
    </ClCompile>
    <ClCompile Include="Transform.cpp">
      <Filter>Source Files</Filter>
    </ClCompile>
    <ClCompile Include="SceneObject.cpp">
      <Filter>Source Files</Filter>
    </ClCompile>
    <ClCompile Include="Exception.cpp">
      <Filter>Source Files</Filter>
    </ClCompile>
    <ClCompile Include="RenderPass.cpp">
      <Filter>Source Files\Gfx</Filter>
    </ClCompile>
  </ItemGroup>
  <ItemGroup>
    <ClInclude Include="Platform.h">
      <Filter>Header Files</Filter>
    </ClInclude>
    <ClInclude Include="WindowsPlatformUtil.h">
      <Filter>Header Files</Filter>
    </ClInclude>
    <ClInclude Include="EnDjinnV.h">
      <Filter>Header Files</Filter>
    </ClInclude>
    <ClInclude Include="resource.h">
      <Filter>Header Files</Filter>
    </ClInclude>
    <ClInclude Include="Gfx.h">
      <Filter>Header Files\Gfx</Filter>
    </ClInclude>
    <ClInclude Include="DepthTexture.h">
      <Filter>Header Files\Gfx</Filter>
    </ClInclude>
    <ClInclude Include="SwapChain.h">
      <Filter>Header Files\Gfx</Filter>
    </ClInclude>
    <ClInclude Include="VulkanUtil.h">
      <Filter>Header Files\Gfx</Filter>
    </ClInclude>
    <ClInclude Include="Device.h">
      <Filter>Header Files\Gfx</Filter>
    </ClInclude>
    <ClInclude Include="CommandPool.h">
      <Filter>Header Files\Gfx</Filter>
    </ClInclude>
    <ClInclude Include="Mesh.h">
      <Filter>Header Files\Gfx</Filter>
    </ClInclude>
    <ClInclude Include="Shader.h">
      <Filter>Header Files\Gfx</Filter>
    </ClInclude>
    <ClInclude Include="Vertex.h">
      <Filter>Header Files\Gfx</Filter>
    </ClInclude>
    <ClInclude Include="Types4d.h">
      <Filter>Header Files\Math</Filter>
    </ClInclude>
    <ClInclude Include="Types2d.h">
      <Filter>Header Files\Math</Filter>
    </ClInclude>
    <ClInclude Include="Types3d.h">
      <Filter>Header Files\Math</Filter>
    </ClInclude>
    <ClInclude Include="Math.h">
      <Filter>Header Files\Math</Filter>
    </ClInclude>
    <ClInclude Include="Buffer.h">
      <Filter>Header Files\Gfx</Filter>
    </ClInclude>
    <ClInclude Include="PhysicalDevice.h">
      <Filter>Header Files\Gfx</Filter>
    </ClInclude>
    <ClInclude Include="Scene.h">
      <Filter>Header Files</Filter>
    </ClInclude>
    <ClInclude Include="Camera.h">
      <Filter>Header Files</Filter>
    </ClInclude>
    <ClInclude Include="Transform.h">
      <Filter>Header Files</Filter>
    </ClInclude>
    <ClInclude Include="SceneObject.h">
      <Filter>Header Files</Filter>
    </ClInclude>
    <ClInclude Include="Exception.h">
      <Filter>Header Files</Filter>
    </ClInclude>
    <ClInclude Include="RenderPass.h">
      <Filter>Header Files\Gfx</Filter>
    </ClInclude>
  </ItemGroup>
  <ItemGroup>
    <None Include="vertex.glsl">
      <Filter>Shaders</Filter>
    </None>
  </ItemGroup>
</Project>